
Microsoft Visual Studio Solution File, Format Version 12.00
# Visual Studio Version 16
VisualStudioVersion = 16.0.29519.87
MinimumVisualStudioVersion = 10.0.40219.1
Project("{FAE04EC0-301F-11D3-BF4B-00C04F79EFBC}") = "Techschool", "Techschool\Techschool.csproj", "{F96B50CD-0595-4805-AA78-9FDB0CEEF198}"
EndProject
Project("{FAE04EC0-301F-11D3-BF4B-00C04F79EFBC}") = "Techschool.Api", "Techschool.Api\Techschool.Api.csproj", "{1E7190D4-913B-4E7D-B8C7-D12074DB0927}"
EndProject
Project("{FAE04EC0-301F-11D3-BF4B-00C04F79EFBC}") = "Techschool.BLL", "Techschool.BLL\Techschool.BLL.csproj", "{48FF20E1-A206-4177-8EAE-91F97CD7A8D4}"
EndProject
Project("{FAE04EC0-301F-11D3-BF4B-00C04F79EFBC}") = "Techschool.DAL", "Techschool.DAL\Techschool.DAL.csproj", "{386B7348-B3A2-44B0-B512-EC52D39C42CB}"
EndProject
Global
	GlobalSection(SolutionConfigurationPlatforms) = preSolution
		Debug|Any CPU = Debug|Any CPU
		Release|Any CPU = Release|Any CPU
	EndGlobalSection
	GlobalSection(ProjectConfigurationPlatforms) = postSolution
		{F96B50CD-0595-4805-AA78-9FDB0CEEF198}.Debug|Any CPU.ActiveCfg = Debug|Any CPU
		{F96B50CD-0595-4805-AA78-9FDB0CEEF198}.Debug|Any CPU.Build.0 = Debug|Any CPU
		{F96B50CD-0595-4805-AA78-9FDB0CEEF198}.Release|Any CPU.ActiveCfg = Release|Any CPU
		{F96B50CD-0595-4805-AA78-9FDB0CEEF198}.Release|Any CPU.Build.0 = Release|Any CPU
		{1E7190D4-913B-4E7D-B8C7-D12074DB0927}.Debug|Any CPU.ActiveCfg = Debug|Any CPU
		{1E7190D4-913B-4E7D-B8C7-D12074DB0927}.Debug|Any CPU.Build.0 = Debug|Any CPU
		{1E7190D4-913B-4E7D-B8C7-D12074DB0927}.Release|Any CPU.ActiveCfg = Release|Any CPU
		{1E7190D4-913B-4E7D-B8C7-D12074DB0927}.Release|Any CPU.Build.0 = Release|Any CPU
		{48FF20E1-A206-4177-8EAE-91F97CD7A8D4}.Debug|Any CPU.ActiveCfg = Debug|Any CPU
		{48FF20E1-A206-4177-8EAE-91F97CD7A8D4}.Debug|Any CPU.Build.0 = Debug|Any CPU
		{48FF20E1-A206-4177-8EAE-91F97CD7A8D4}.Release|Any CPU.ActiveCfg = Release|Any CPU
		{48FF20E1-A206-4177-8EAE-91F97CD7A8D4}.Release|Any CPU.Build.0 = Release|Any CPU
		{386B7348-B3A2-44B0-B512-EC52D39C42CB}.Debug|Any CPU.ActiveCfg = Debug|Any CPU
		{386B7348-B3A2-44B0-B512-EC52D39C42CB}.Debug|Any CPU.Build.0 = Debug|Any CPU
		{386B7348-B3A2-44B0-B512-EC52D39C42CB}.Release|Any CPU.ActiveCfg = Release|Any CPU
		{386B7348-B3A2-44B0-B512-EC52D39C42CB}.Release|Any CPU.Build.0 = Release|Any CPU
	EndGlobalSection
	GlobalSection(SolutionProperties) = preSolution
		HideSolutionNode = FALSE
	EndGlobalSection
	GlobalSection(ExtensibilityGlobals) = postSolution
		SolutionGuid = {BAF4FB71-6A52-4A46-ABCF-BA875D7A5C39}
	EndGlobalSection
EndGlobal
